
Microsoft Visual Studio Solution File, Format Version 12.00
# Visual Studio Version 16
VisualStudioVersion = 16.0.810.18
MinimumVisualStudioVersion = 10.0.40219.1
Project("{FAE04EC0-301F-11D3-BF4B-00C04F79EFBC}") = "Project1", "Project1\Project1.csproj", "{8E6C5204-3431-4693-89FB-4199BF770544}"
EndProject
Project("{FAE04EC0-301F-11D3-BF4B-00C04F79EFBC}") = "UnitTestForMortgage", "UnitTestForMortage\UnitTestForMortgage.csproj", "{E17C477E-064E-417F-AAD8-0E899F60F48D}"
EndProject
Project("{FAE04EC0-301F-11D3-BF4B-00C04F79EFBC}") = "MortgageHelperLibrary", "MortgageHelperLibrary\MortgageHelperLibrary.csproj", "{CF82504F-07D1-49B7-87C2-6C5D189674B4}"
EndProject
Global
	GlobalSection(SolutionConfigurationPlatforms) = preSolution
		Debug|Any CPU = Debug|Any CPU
		Release|Any CPU = Release|Any CPU
	EndGlobalSection
	GlobalSection(ProjectConfigurationPlatforms) = postSolution
		{8E6C5204-3431-4693-89FB-4199BF770544}.Debug|Any CPU.ActiveCfg = Debug|Any CPU
		{8E6C5204-3431-4693-89FB-4199BF770544}.Debug|Any CPU.Build.0 = Debug|Any CPU
		{8E6C5204-3431-4693-89FB-4199BF770544}.Release|Any CPU.ActiveCfg = Release|Any CPU
		{8E6C5204-3431-4693-89FB-4199BF770544}.Release|Any CPU.Build.0 = Release|Any CPU
		{E17C477E-064E-417F-AAD8-0E899F60F48D}.Debug|Any CPU.ActiveCfg = Debug|Any CPU
		{E17C477E-064E-417F-AAD8-0E899F60F48D}.Debug|Any CPU.Build.0 = Debug|Any CPU
		{E17C477E-064E-417F-AAD8-0E899F60F48D}.Release|Any CPU.ActiveCfg = Release|Any CPU
		{E17C477E-064E-417F-AAD8-0E899F60F48D}.Release|Any CPU.Build.0 = Release|Any CPU
		{CF82504F-07D1-49B7-87C2-6C5D189674B4}.Debug|Any CPU.ActiveCfg = Debug|Any CPU
		{CF82504F-07D1-49B7-87C2-6C5D189674B4}.Debug|Any CPU.Build.0 = Debug|Any CPU
		{CF82504F-07D1-49B7-87C2-6C5D189674B4}.Release|Any CPU.ActiveCfg = Release|Any CPU
		{CF82504F-07D1-49B7-87C2-6C5D189674B4}.Release|Any CPU.Build.0 = Release|Any CPU
	EndGlobalSection
	GlobalSection(SolutionProperties) = preSolution
		HideSolutionNode = FALSE
	EndGlobalSection
	GlobalSection(ExtensibilityGlobals) = postSolution
		SolutionGuid = {ACAF7D2F-9086-4031-99C0-934B7C7C97BE}
	EndGlobalSection
EndGlobal
